// !$*UTF8*$!
{
	archiveVersion = 1;
	classes = {
	};
	objectVersion = 77;
	objects = {

/* Begin PBXBuildFile section */
		C1496DC92EC7857700F24972 /* SwiftUI.framework in Frameworks */ = {isa = PBXBuildFile; fileRef = C1496DC82EC7857700F24972 /* SwiftUI.framework */; };
		C1496DCB2EC7858A00F24972 /* Combine.framework in Frameworks */ = {isa = PBXBuildFile; fileRef = C1496DCA2EC7858A00F24972 /* Combine.framework */; };
		C1496DCD2EC7859A00F24972 /* Foundation.framework in Frameworks */ = {isa = PBXBuildFile; fileRef = C1496DCC2EC7859A00F24972 /* Foundation.framework */; };
		C1496DCF2EC785AC00F24972 /* LocalAuthentication.framework in Frameworks */ = {isa = PBXBuildFile; fileRef = C1496DCE2EC785AC00F24972 /* LocalAuthentication.framework */; };
		C1496DD12EC785B900F24972 /* Security.framework in Frameworks */ = {isa = PBXBuildFile; fileRef = C1496DD02EC785B900F24972 /* Security.framework */; };
/* End PBXBuildFile section */

/* Begin PBXContainerItemProxy section */
		C1496D492EC7820E00F24972 /* PBXContainerItemProxy */ = {
			isa = PBXContainerItemProxy;
			containerPortal = C1496D332EC7820800F24972 /* Project object */;
			proxyType = 1;
			remoteGlobalIDString = C1496D3A2EC7820800F24972;
			remoteInfo = ValeCRM;
		};
		C1496D532EC7820E00F24972 /* PBXContainerItemProxy */ = {
			isa = PBXContainerItemProxy;
			containerPortal = C1496D332EC7820800F24972 /* Project object */;
			proxyType = 1;
			remoteGlobalIDString = C1496D3A2EC7820800F24972;
			remoteInfo = ValeCRM;
		};
/* End PBXContainerItemProxy section */

/* Begin PBXFileReference section */
		C1496D3B2EC7820800F24972 /* ValeCRM.app */ = {isa = PBXFileReference; explicitFileType = wrapper.application; includeInIndex = 0; path = ValeCRM.app; sourceTree = BUILT_PRODUCTS_DIR; };
		C1496D482EC7820E00F24972 /* ValeCRMTests.xctest */ = {isa = PBXFileReference; explicitFileType = wrapper.cfbundle; includeInIndex = 0; path = ValeCRMTests.xctest; sourceTree = BUILT_PRODUCTS_DIR; };
		C1496D522EC7820E00F24972 /* ValeCRMUITests.xctest */ = {isa = PBXFileReference; explicitFileType = wrapper.cfbundle; includeInIndex = 0; path = ValeCRMUITests.xctest; sourceTree = BUILT_PRODUCTS_DIR; };
		C1C0FF002FC7A00100F24972 /* Config.base.xcconfig */ = {isa = PBXFileReference; lastKnownFileType = text.xcconfig; path = "ValeCRM/Config.base.xcconfig"; sourceTree = "<group>"; };
		C1496DC82EC7857700F24972 /* SwiftUI.framework */ = {isa = PBXFileReference; lastKnownFileType = wrapper.framework; name = SwiftUI.framework; path = System/Library/Frameworks/SwiftUI.framework; sourceTree = SDKROOT; };
		C1496DCA2EC7858A00F24972 /* Combine.framework */ = {isa = PBXFileReference; lastKnownFileType = wrapper.framework; name = Combine.framework; path = System/Library/Frameworks/Combine.framework; sourceTree = SDKROOT; };
		C1496DCC2EC7859A00F24972 /* Foundation.framework */ = {isa = PBXFileReference; lastKnownFileType = wrapper.framework; name = Foundation.framework; path = System/Library/Frameworks/Foundation.framework; sourceTree = SDKROOT; };
		C1496DCE2EC785AC00F24972 /* LocalAuthentication.framework */ = {isa = PBXFileReference; lastKnownFileType = wrapper.framework; name = LocalAuthentication.framework; path = System/Library/Frameworks/LocalAuthentication.framework; sourceTree = SDKROOT; };
		C1496DD02EC785B900F24972 /* Security.framework */ = {isa = PBXFileReference; lastKnownFileType = wrapper.framework; name = Security.framework; path = System/Library/Frameworks/Security.framework; sourceTree = SDKROOT; };
/* End PBXFileReference section */

/* Begin PBXFileSystemSynchronizedBuildFileExceptionSet section */
		C1496DD32EC7A10D00F24972 /* Exceptions for "ValeCRM" folder in "ValeCRM" target */ = {
			isa = PBXFileSystemSynchronizedBuildFileExceptionSet;
			membershipExceptions = (
				Info.plist,
			);
			target = C1496D3A2EC7820800F24972 /* ValeCRM */;
		};
/* End PBXFileSystemSynchronizedBuildFileExceptionSet section */

/* Begin PBXFileSystemSynchronizedRootGroup section */
		C1496D3D2EC7820800F24972 /* ValeCRM */ = {
			isa = PBXFileSystemSynchronizedRootGroup;
			exceptions = (
				C1496DD32EC7A10D00F24972 /* Exceptions for "ValeCRM" folder in "ValeCRM" target */,
			);
			path = ValeCRM;
			sourceTree = "<group>";
		};
		C1496D4B2EC7820E00F24972 /* ValeCRMTests */ = {
			isa = PBXFileSystemSynchronizedRootGroup;
			path = ValeCRMTests;
			sourceTree = "<group>";
		};
		C1496D552EC7820E00F24972 /* ValeCRMUITests */ = {
			isa = PBXFileSystemSynchronizedRootGroup;
			path = ValeCRMUITests;
			sourceTree = "<group>";
		};
/* End PBXFileSystemSynchronizedRootGroup section */

/* Begin PBXFrameworksBuildPhase section */
		C1496D382EC7820800F24972 /* Frameworks */ = {
			isa = PBXFrameworksBuildPhase;
			buildActionMask = 2147483647;
			files = (
				C1496DCF2EC785AC00F24972 /* LocalAuthentication.framework in Frameworks */,
				C1496DD12EC785B900F24972 /* Security.framework in Frameworks */,
				C1496DCB2EC7858A00F24972 /* Combine.framework in Frameworks */,
				C1496DCD2EC7859A00F24972 /* Foundation.framework in Frameworks */,
				C1496DC92EC7857700F24972 /* SwiftUI.framework in Frameworks */,
			);
			runOnlyForDeploymentPostprocessing = 0;
		};
		C1496D452EC7820E00F24972 /* Frameworks */ = {
			isa = PBXFrameworksBuildPhase;
			buildActionMask = 2147483647;
			files = (
			);
			runOnlyForDeploymentPostprocessing = 0;
		};
		C1496D4F2EC7820E00F24972 /* Frameworks */ = {
			isa = PBXFrameworksBuildPhase;
			buildActionMask = 2147483647;
			files = (
			);
			runOnlyForDeploymentPostprocessing = 0;
		};
/* End PBXFrameworksBuildPhase section */

/* Begin PBXGroup section */
		C1496D322EC7820800F24972 = {
			isa = PBXGroup;
			children = (
				C1496D3D2EC7820800F24972 /* ValeCRM */,
				C1496D4B2EC7820E00F24972 /* ValeCRMTests */,
				C1496D552EC7820E00F24972 /* ValeCRMUITests */,
				C1496DC72EC7857600F24972 /* Frameworks */,
				C1496D3C2EC7820800F24972 /* Products */,
			);
			sourceTree = "<group>";
		};
		C1496D3C2EC7820800F24972 /* Products */ = {
			isa = PBXGroup;
			children = (
				C1496D3B2EC7820800F24972 /* ValeCRM.app */,
				C1496D482EC7820E00F24972 /* ValeCRMTests.xctest */,
				C1496D522EC7820E00F24972 /* ValeCRMUITests.xctest */,
			);
			name = Products;
			sourceTree = "<group>";
		};
		C1496DC72EC7857600F24972 /* Frameworks */ = {
			isa = PBXGroup;
			children = (
				C1496DD02EC785B900F24972 /* Security.framework */,
				C1496DCE2EC785AC00F24972 /* LocalAuthentication.framework */,
				C1496DCC2EC7859A00F24972 /* Foundation.framework */,
				C1496DCA2EC7858A00F24972 /* Combine.framework */,
				C1496DC82EC7857700F24972 /* SwiftUI.framework */,
			);
			name = Frameworks;
			sourceTree = "<group>";
		};
/* End PBXGroup section */

/* Begin PBXNativeTarget section */
		C1496D3A2EC7820800F24972 /* ValeCRM */ = {
			isa = PBXNativeTarget;
			buildConfigurationList = C1496D5C2EC7820E00F24972 /* Build configuration list for PBXNativeTarget "ValeCRM" */;
			buildPhases = (
				C1496D372EC7820800F24972 /* Sources */,
				C1496D382EC7820800F24972 /* Frameworks */,
				C1496D392EC7820800F24972 /* Resources */,
			);
			buildRules = (
			);
			dependencies = (
			);
			fileSystemSynchronizedGroups = (
				C1496D3D2EC7820800F24972 /* ValeCRM */,
			);
			name = ValeCRM;
			packageProductDependencies = (
			);
			productName = ValeCRM;
			productReference = C1496D3B2EC7820800F24972 /* ValeCRM.app */;
			productType = "com.apple.product-type.application";
		};
		C1496D472EC7820E00F24972 /* ValeCRMTests */ = {
			isa = PBXNativeTarget;
			buildConfigurationList = C1496D5F2EC7820E00F24972 /* Build configuration list for PBXNativeTarget "ValeCRMTests" */;
			buildPhases = (
				C1496D442EC7820E00F24972 /* Sources */,
				C1496D452EC7820E00F24972 /* Frameworks */,
				C1496D462EC7820E00F24972 /* Resources */,
			);
			buildRules = (
			);
			dependencies = (
				C1496D4A2EC7820E00F24972 /* PBXTargetDependency */,
			);
			fileSystemSynchronizedGroups = (
				C1496D4B2EC7820E00F24972 /* ValeCRMTests */,
			);
			name = ValeCRMTests;
			packageProductDependencies = (
			);
			productName = ValeCRMTests;
			productReference = C1496D482EC7820E00F24972 /* ValeCRMTests.xctest */;
			productType = "com.apple.product-type.bundle.unit-test";
		};
		C1496D512EC7820E00F24972 /* ValeCRMUITests */ = {
			isa = PBXNativeTarget;
			buildConfigurationList = C1496D622EC7820E00F24972 /* Build configuration list for PBXNativeTarget "ValeCRMUITests" */;
			buildPhases = (
				C1496D4E2EC7820E00F24972 /* Sources */,
				C1496D4F2EC7820E00F24972 /* Frameworks */,
				C1496D502EC7820E00F24972 /* Resources */,
			);
			buildRules = (
			);
			dependencies = (
				C1496D542EC7820E00F24972 /* PBXTargetDependency */,
			);
			fileSystemSynchronizedGroups = (
				C1496D552EC7820E00F24972 /* ValeCRMUITests */,
			);
			name = ValeCRMUITests;
			packageProductDependencies = (
			);
			productName = ValeCRMUITests;
			productReference = C1496D522EC7820E00F24972 /* ValeCRMUITests.xctest */;
			productType = "com.apple.product-type.bundle.ui-testing";
		};
/* End PBXNativeTarget section */

/* Begin PBXProject section */
		C1496D332EC7820800F24972 /* Project object */ = {
			isa = PBXProject;
			attributes = {
				BuildIndependentTargetsInParallel = 1;
				LastSwiftUpdateCheck = 2610;
				LastUpgradeCheck = 2610;
				TargetAttributes = {
					C1496D3A2EC7820800F24972 = {
						CreatedOnToolsVersion = 26.1.1;
					};
					C1496D472EC7820E00F24972 = {
						CreatedOnToolsVersion = 26.1.1;
						TestTargetID = C1496D3A2EC7820800F24972;
					};
					C1496D512EC7820E00F24972 = {
						CreatedOnToolsVersion = 26.1.1;
						TestTargetID = C1496D3A2EC7820800F24972;
					};
				};
			};
			buildConfigurationList = C1496D362EC7820800F24972 /* Build configuration list for PBXProject "ValeCRM" */;
			developmentRegion = en;
			hasScannedForEncodings = 0;
			knownRegions = (
				en,
				Base,
			);
			mainGroup = C1496D322EC7820800F24972;
			minimizedProjectReferenceProxies = 1;
			packageReferences = (
				C1496DD42EC7A39500F24972 /* XCRemoteSwiftPackageReference "swift-algorithms" */,
			);
			preferredProjectObjectVersion = 77;
			productRefGroup = C1496D3C2EC7820800F24972 /* Products */;
			projectDirPath = "";
			projectRoot = "";
			targets = (
				C1496D3A2EC7820800F24972 /* ValeCRM */,
				C1496D472EC7820E00F24972 /* ValeCRMTests */,
				C1496D512EC7820E00F24972 /* ValeCRMUITests */,
			);
		};
/* End PBXProject section */

/* Begin PBXResourcesBuildPhase section */
		C1496D392EC7820800F24972 /* Resources */ = {
			isa = PBXResourcesBuildPhase;
			buildActionMask = 2147483647;
			files = (
			);
			runOnlyForDeploymentPostprocessing = 0;
		};
		C1496D462EC7820E00F24972 /* Resources */ = {
			isa = PBXResourcesBuildPhase;
			buildActionMask = 2147483647;
			files = (
			);
			runOnlyForDeploymentPostprocessing = 0;
		};
		C1496D502EC7820E00F24972 /* Resources */ = {
			isa = PBXResourcesBuildPhase;
			buildActionMask = 2147483647;
			files = (
			);
			runOnlyForDeploymentPostprocessing = 0;
		};
/* End PBXResourcesBuildPhase section */

/* Begin PBXSourcesBuildPhase section */
		C1496D372EC7820800F24972 /* Sources */ = {
			isa = PBXSourcesBuildPhase;
			buildActionMask = 2147483647;
			files = (
			);
			runOnlyForDeploymentPostprocessing = 0;
		};
		C1496D442EC7820E00F24972 /* Sources */ = {
			isa = PBXSourcesBuildPhase;
			buildActionMask = 2147483647;
			files = (
			);
			runOnlyForDeploymentPostprocessing = 0;
		};
		C1496D4E2EC7820E00F24972 /* Sources */ = {
			isa = PBXSourcesBuildPhase;
			buildActionMask = 2147483647;
			files = (
			);
			runOnlyForDeploymentPostprocessing = 0;
		};
/* End PBXSourcesBuildPhase section */

/* Begin PBXTargetDependency section */
		C1496D4A2EC7820E00F24972 /* PBXTargetDependency */ = {
			isa = PBXTargetDependency;
			target = C1496D3A2EC7820800F24972 /* ValeCRM */;
			targetProxy = C1496D492EC7820E00F24972 /* PBXContainerItemProxy */;
		};
		C1496D542EC7820E00F24972 /* PBXTargetDependency */ = {
			isa = PBXTargetDependency;
			target = C1496D3A2EC7820800F24972 /* ValeCRM */;
			targetProxy = C1496D532EC7820E00F24972 /* PBXContainerItemProxy */;
		};
/* End PBXTargetDependency section */

/* Begin XCBuildConfiguration section */
		C1496D5A2EC7820E00F24972 /* Debug */ = {
			isa = XCBuildConfiguration;
			buildSettings = {
				ALWAYS_SEARCH_USER_PATHS = NO;
				ASSETCATALOG_COMPILER_GENERATE_SWIFT_ASSET_SYMBOL_EXTENSIONS = YES;
				CLANG_ANALYZER_NONNULL = YES;
				CLANG_ANALYZER_NUMBER_OBJECT_CONVERSION = YES_AGGRESSIVE;
				CLANG_CXX_LANGUAGE_STANDARD = "gnu++20";
				CLANG_ENABLE_MODULES = YES;
				CLANG_ENABLE_OBJC_ARC = YES;
				CLANG_ENABLE_OBJC_WEAK = YES;
				CLANG_WARN_BLOCK_CAPTURE_AUTORELEASING = YES;
				CLANG_WARN_BOOL_CONVERSION = YES;
				CLANG_WARN_COMMA = YES;
				CLANG_WARN_CONSTANT_CONVERSION = YES;
				CLANG_WARN_DEPRECATED_OBJC_IMPLEMENTATIONS = YES;
				CLANG_WARN_DIRECT_OBJC_ISA_USAGE = YES_ERROR;
				CLANG_WARN_DOCUMENTATION_COMMENTS = YES;
				CLANG_WARN_EMPTY_BODY = YES;
				CLANG_WARN_ENUM_CONVERSION = YES;
				CLANG_WARN_INFINITE_RECURSION = YES;
				CLANG_WARN_INT_CONVERSION = YES;
				CLANG_WARN_NON_LITERAL_NULL_CONVERSION = YES;
				CLANG_WARN_OBJC_IMPLICIT_RETAIN_SELF = YES;
				CLANG_WARN_OBJC_LITERAL_CONVERSION = YES;
				CLANG_WARN_OBJC_ROOT_CLASS = YES_ERROR;
				CLANG_WARN_QUOTED_INCLUDE_IN_FRAMEWORK_HEADER = YES;
				CLANG_WARN_RANGE_LOOP_ANALYSIS = YES;
				CLANG_WARN_STRICT_PROTOTYPES = YES;
				CLANG_WARN_SUSPICIOUS_MOVE = YES;
				CLANG_WARN_UNGUARDED_AVAILABILITY = YES_AGGRESSIVE;
				CLANG_WARN_UNREACHABLE_CODE = YES;
				CLANG_WARN__DUPLICATE_METHOD_MATCH = YES;
				COPY_PHASE_STRIP = NO;
				DEBUG_INFORMATION_FORMAT = dwarf;
				ENABLE_STRICT_OBJC_MSGSEND = YES;
				ENABLE_TESTABILITY = YES;
				ENABLE_USER_SCRIPT_SANDBOXING = YES;
				GCC_C_LANGUAGE_STANDARD = gnu17;
				GCC_DYNAMIC_NO_PIC = NO;
				GCC_NO_COMMON_BLOCKS = YES;
				GCC_OPTIMIZATION_LEVEL = 0;
				GCC_PREPROCESSOR_DEFINITIONS = (
					"DEBUG=1",
					"$(inherited)",
				);
				GCC_WARN_64_TO_32_BIT_CONVERSION = YES;
				GCC_WARN_ABOUT_RETURN_TYPE = YES_ERROR;
				GCC_WARN_UNDECLARED_SELECTOR = YES;
				GCC_WARN_UNINITIALIZED_AUTOS = YES_AGGRESSIVE;
				GCC_WARN_UNUSED_FUNCTION = YES;
				GCC_WARN_UNUSED_VARIABLE = YES;
				IPHONEOS_DEPLOYMENT_TARGET = 26.1;
				LOCALIZATION_PREFERS_STRING_CATALOGS = YES;
				MTL_ENABLE_DEBUG_INFO = INCLUDE_SOURCE;
				MTL_FAST_MATH = YES;
				ONLY_ACTIVE_ARCH = YES;
				SDKROOT = iphoneos;
				SWIFT_ACTIVE_COMPILATION_CONDITIONS = "DEBUG $(inherited)";
				SWIFT_OPTIMIZATION_LEVEL = "-Onone";
			};
			name = Debug;
		};
		C1496D5B2EC7820E00F24972 /* Release */ = {
			isa = XCBuildConfiguration;
			buildSettings = {
				ALWAYS_SEARCH_USER_PATHS = NO;
				ASSETCATALOG_COMPILER_GENERATE_SWIFT_ASSET_SYMBOL_EXTENSIONS = YES;
				CLANG_ANALYZER_NONNULL = YES;
				CLANG_ANALYZER_NUMBER_OBJECT_CONVERSION = YES_AGGRESSIVE;
				CLANG_CXX_LANGUAGE_STANDARD = "gnu++20";
				CLANG_ENABLE_MODULES = YES;
				CLANG_ENABLE_OBJC_ARC = YES;
				CLANG_ENABLE_OBJC_WEAK = YES;
				CLANG_WARN_BLOCK_CAPTURE_AUTORELEASING = YES;
				CLANG_WARN_BOOL_CONVERSION = YES;
				CLANG_WARN_COMMA = YES;
				CLANG_WARN_CONSTANT_CONVERSION = YES;
				CLANG_WARN_DEPRECATED_OBJC_IMPLEMENTATIONS = YES;
				CLANG_WARN_DIRECT_OBJC_ISA_USAGE = YES_ERROR;
				CLANG_WARN_DOCUMENTATION_COMMENTS = YES;
				CLANG_WARN_EMPTY_BODY = YES;
				CLANG_WARN_ENUM_CONVERSION = YES;
				CLANG_WARN_INFINITE_RECURSION = YES;
				CLANG_WARN_INT_CONVERSION = YES;
				CLANG_WARN_NON_LITERAL_NULL_CONVERSION = YES;
				CLANG_WARN_OBJC_IMPLICIT_RETAIN_SELF = YES;
				CLANG_WARN_OBJC_LITERAL_CONVERSION = YES;
				CLANG_WARN_OBJC_ROOT_CLASS = YES_ERROR;
				CLANG_WARN_QUOTED_INCLUDE_IN_FRAMEWORK_HEADER = YES;
				CLANG_WARN_RANGE_LOOP_ANALYSIS = YES;
				CLANG_WARN_STRICT_PROTOTYPES = YES;
				CLANG_WARN_SUSPICIOUS_MOVE = YES;
				CLANG_WARN_UNGUARDED_AVAILABILITY = YES_AGGRESSIVE;
				CLANG_WARN_UNREACHABLE_CODE = YES;
				CLANG_WARN__DUPLICATE_METHOD_MATCH = YES;
				COPY_PHASE_STRIP = NO;
				DEBUG_INFORMATION_FORMAT = "dwarf-with-dsym";
				ENABLE_NS_ASSERTIONS = NO;
				ENABLE_STRICT_OBJC_MSGSEND = YES;
				ENABLE_USER_SCRIPT_SANDBOXING = YES;
				GCC_C_LANGUAGE_STANDARD = gnu17;
				GCC_NO_COMMON_BLOCKS = YES;
				GCC_WARN_64_TO_32_BIT_CONVERSION = YES;
				GCC_WARN_ABOUT_RETURN_TYPE = YES_ERROR;
				GCC_WARN_UNDECLARED_SELECTOR = YES;
				GCC_WARN_UNINITIALIZED_AUTOS = YES_AGGRESSIVE;
				GCC_WARN_UNUSED_FUNCTION = YES;
				GCC_WARN_UNUSED_VARIABLE = YES;
				IPHONEOS_DEPLOYMENT_TARGET = 26.1;
				LOCALIZATION_PREFERS_STRING_CATALOGS = YES;
				MTL_ENABLE_DEBUG_INFO = NO;
				MTL_FAST_MATH = YES;
				SDKROOT = iphoneos;
				SWIFT_COMPILATION_MODE = wholemodule;
				VALIDATE_PRODUCT = YES;
			};
			name = Release;
		};
		C1496D5D2EC7820E00F24972 /* Debug */ = {
			baseConfigurationReference = C1C0FF002FC7A00100F24972 /* Config.base.xcconfig */;
			isa = XCBuildConfiguration;
			buildSettings = {
				ASSETCATALOG_COMPILER_APPICON_NAME = AppIcon;
				ASSETCATALOG_COMPILER_GLOBAL_ACCENT_COLOR_NAME = AccentColor;
				ASSETCATALOG_COMPILER_INCLUDE_ALL_APPICON_ASSETS = YES;
				CODE_SIGN_STYLE = Automatic;
				CURRENT_PROJECT_VERSION = 1;
				DEVELOPMENT_TEAM = 79X62NX954;
				ENABLE_PREVIEWS = YES;
				GENERATE_INFOPLIST_FILE = YES;
				INFOPLIST_FILE = ValeCRM/Info.plist;
				INFOPLIST_KEY_CFBundleDisplayName = ValeCRM;
				INFOPLIST_KEY_LSApplicationCategoryType = "public.app-category.business";
				INFOPLIST_KEY_UIApplicationSceneManifest_Generation = YES;
				INFOPLIST_KEY_UIApplicationSupportsIndirectInputEvents = YES;
				INFOPLIST_KEY_UILaunchScreen_Generation = YES;
				INFOPLIST_KEY_UISupportedInterfaceOrientations_iPad = "UIInterfaceOrientationPortrait UIInterfaceOrientationPortraitUpsideDown UIInterfaceOrientationLandscapeLeft UIInterfaceOrientationLandscapeRight";
				INFOPLIST_KEY_UISupportedInterfaceOrientations_iPhone = "UIInterfaceOrientationPortrait UIInterfaceOrientationLandscapeLeft UIInterfaceOrientationLandscapeRight";
				IPHONEOS_DEPLOYMENT_TARGET = 15.6;
				LD_RUNPATH_SEARCH_PATHS = (
					"$(inherited)",
					"@executable_path/Frameworks",
				);
				MARKETING_VERSION = 1.0;
				PRODUCT_BUNDLE_IDENTIFIER = org.keystonevale.ValeCRM;
				PRODUCT_NAME = "$(TARGET_NAME)";
				STRING_CATALOG_GENERATE_SYMBOLS = YES;
				SWIFT_APPROACHABLE_CONCURRENCY = YES;
				SWIFT_DEFAULT_ACTOR_ISOLATION = MainActor;
				SWIFT_EMIT_LOC_STRINGS = YES;
				SWIFT_UPCOMING_FEATURE_MEMBER_IMPORT_VISIBILITY = YES;
				SWIFT_VERSION = 5.0;
				TARGETED_DEVICE_FAMILY = "1,2";
			};
			name = Debug;
		};
		C1496D5E2EC7820E00F24972 /* Release */ = {
			baseConfigurationReference = C1C0FF002FC7A00100F24972 /* Config.base.xcconfig */;
			isa = XCBuildConfiguration;
			buildSettings = {
				ASSETCATALOG_COMPILER_APPICON_NAME = AppIcon;
				ASSETCATALOG_COMPILER_GLOBAL_ACCENT_COLOR_NAME = AccentColor;
				ASSETCATALOG_COMPILER_INCLUDE_ALL_APPICON_ASSETS = YES;
				CODE_SIGN_STYLE = Automatic;
				CURRENT_PROJECT_VERSION = 1;
				DEVELOPMENT_TEAM = 79X62NX954;
				ENABLE_PREVIEWS = YES;
				GENERATE_INFOPLIST_FILE = YES;
				INFOPLIST_FILE = ValeCRM/Info.plist;
				INFOPLIST_KEY_CFBundleDisplayName = ValeCRM;
				INFOPLIST_KEY_LSApplicationCategoryType = "public.app-category.business";
				INFOPLIST_KEY_UIApplicationSceneManifest_Generation = YES;
				INFOPLIST_KEY_UIApplicationSupportsIndirectInputEvents = YES;
				INFOPLIST_KEY_UILaunchScreen_Generation = YES;
				INFOPLIST_KEY_UISupportedInterfaceOrientations_iPad = "UIInterfaceOrientationPortrait UIInterfaceOrientationPortraitUpsideDown UIInterfaceOrientationLandscapeLeft UIInterfaceOrientationLandscapeRight";
				INFOPLIST_KEY_UISupportedInterfaceOrientations_iPhone = "UIInterfaceOrientationPortrait UIInterfaceOrientationLandscapeLeft UIInterfaceOrientationLandscapeRight";
				IPHONEOS_DEPLOYMENT_TARGET = 15.6;
				LD_RUNPATH_SEARCH_PATHS = (
					"$(inherited)",
					"@executable_path/Frameworks",
				);
				MARKETING_VERSION = 1.0;
				PRODUCT_BUNDLE_IDENTIFIER = org.keystonevale.ValeCRM;
				PRODUCT_NAME = "$(TARGET_NAME)";
				STRING_CATALOG_GENERATE_SYMBOLS = YES;
				SWIFT_APPROACHABLE_CONCURRENCY = YES;
				SWIFT_DEFAULT_ACTOR_ISOLATION = MainActor;
				SWIFT_EMIT_LOC_STRINGS = YES;
				SWIFT_UPCOMING_FEATURE_MEMBER_IMPORT_VISIBILITY = YES;
				SWIFT_VERSION = 5.0;
				TARGETED_DEVICE_FAMILY = "1,2";
			};
			name = Release;
		};
		C1496D602EC7820E00F24972 /* Debug */ = {
			isa = XCBuildConfiguration;
			buildSettings = {
				BUNDLE_LOADER = "$(TEST_HOST)";
				CODE_SIGN_STYLE = Automatic;
				CURRENT_PROJECT_VERSION = 1;
				DEVELOPMENT_TEAM = 79X62NX954;
				GENERATE_INFOPLIST_FILE = YES;
				IPHONEOS_DEPLOYMENT_TARGET = 26.1;
				MARKETING_VERSION = 1.0;
				PRODUCT_BUNDLE_IDENTIFIER = org.keystonevale.ValeCRMTests;
				PRODUCT_NAME = "$(TARGET_NAME)";
				STRING_CATALOG_GENERATE_SYMBOLS = NO;
				SWIFT_APPROACHABLE_CONCURRENCY = YES;
				SWIFT_EMIT_LOC_STRINGS = NO;
				SWIFT_UPCOMING_FEATURE_MEMBER_IMPORT_VISIBILITY = YES;
				SWIFT_VERSION = 5.0;
				TARGETED_DEVICE_FAMILY = "1,2";
				TEST_HOST = "$(BUILT_PRODUCTS_DIR)/ValeCRM.app/$(BUNDLE_EXECUTABLE_FOLDER_PATH)/ValeCRM";
			};
			name = Debug;
		};
		C1496D612EC7820E00F24972 /* Release */ = {
			isa = XCBuildConfiguration;
			buildSettings = {
				BUNDLE_LOADER = "$(TEST_HOST)";
				CODE_SIGN_STYLE = Automatic;
				CURRENT_PROJECT_VERSION = 1;
				DEVELOPMENT_TEAM = 79X62NX954;
				GENERATE_INFOPLIST_FILE = YES;
				IPHONEOS_DEPLOYMENT_TARGET = 26.1;
				MARKETING_VERSION = 1.0;
				PRODUCT_BUNDLE_IDENTIFIER = org.keystonevale.ValeCRMTests;
				PRODUCT_NAME = "$(TARGET_NAME)";
				STRING_CATALOG_GENERATE_SYMBOLS = NO;
				SWIFT_APPROACHABLE_CONCURRENCY = YES;
				SWIFT_EMIT_LOC_STRINGS = NO;
				SWIFT_UPCOMING_FEATURE_MEMBER_IMPORT_VISIBILITY = YES;
				SWIFT_VERSION = 5.0;
				TARGETED_DEVICE_FAMILY = "1,2";
				TEST_HOST = "$(BUILT_PRODUCTS_DIR)/ValeCRM.app/$(BUNDLE_EXECUTABLE_FOLDER_PATH)/ValeCRM";
			};
			name = Release;
		};
		C1496D632EC7820E00F24972 /* Debug */ = {
			isa = XCBuildConfiguration;
			buildSettings = {
				CODE_SIGN_STYLE = Automatic;
				CURRENT_PROJECT_VERSION = 1;
				DEVELOPMENT_TEAM = 79X62NX954;
				GENERATE_INFOPLIST_FILE = YES;
				MARKETING_VERSION = 1.0;
				PRODUCT_BUNDLE_IDENTIFIER = org.keystonevale.ValeCRMUITests;
				PRODUCT_NAME = "$(TARGET_NAME)";
				STRING_CATALOG_GENERATE_SYMBOLS = NO;
				SWIFT_APPROACHABLE_CONCURRENCY = YES;
				SWIFT_EMIT_LOC_STRINGS = NO;
				SWIFT_UPCOMING_FEATURE_MEMBER_IMPORT_VISIBILITY = YES;
				SWIFT_VERSION = 5.0;
				TARGETED_DEVICE_FAMILY = "1,2";
				TEST_TARGET_NAME = ValeCRM;
			};
			name = Debug;
		};
		C1496D642EC7820E00F24972 /* Release */ = {
			isa = XCBuildConfiguration;
			buildSettings = {
				CODE_SIGN_STYLE = Automatic;
				CURRENT_PROJECT_VERSION = 1;
				DEVELOPMENT_TEAM = 79X62NX954;
				GENERATE_INFOPLIST_FILE = YES;
				MARKETING_VERSION = 1.0;
				PRODUCT_BUNDLE_IDENTIFIER = org.keystonevale.ValeCRMUITests;
				PRODUCT_NAME = "$(TARGET_NAME)";
				STRING_CATALOG_GENERATE_SYMBOLS = NO;
				SWIFT_APPROACHABLE_CONCURRENCY = YES;
				SWIFT_EMIT_LOC_STRINGS = NO;
				SWIFT_UPCOMING_FEATURE_MEMBER_IMPORT_VISIBILITY = YES;
				SWIFT_VERSION = 5.0;
				TARGETED_DEVICE_FAMILY = "1,2";
				TEST_TARGET_NAME = ValeCRM;
			};
			name = Release;
		};
/* End XCBuildConfiguration section */

/* Begin XCConfigurationList section */
		C1496D362EC7820800F24972 /* Build configuration list for PBXProject "ValeCRM" */ = {
			isa = XCConfigurationList;
			buildConfigurations = (
				C1496D5A2EC7820E00F24972 /* Debug */,
				C1496D5B2EC7820E00F24972 /* Release */,
			);
			defaultConfigurationIsVisible = 0;
			defaultConfigurationName = Release;
		};
		C1496D5C2EC7820E00F24972 /* Build configuration list for PBXNativeTarget "ValeCRM" */ = {
			isa = XCConfigurationList;
			buildConfigurations = (
				C1496D5D2EC7820E00F24972 /* Debug */,
				C1496D5E2EC7820E00F24972 /* Release */,
			);
			defaultConfigurationIsVisible = 0;
			defaultConfigurationName = Release;
		};
		C1496D5F2EC7820E00F24972 /* Build configuration list for PBXNativeTarget "ValeCRMTests" */ = {
			isa = XCConfigurationList;
			buildConfigurations = (
				C1496D602EC7820E00F24972 /* Debug */,
				C1496D612EC7820E00F24972 /* Release */,
			);
			defaultConfigurationIsVisible = 0;
			defaultConfigurationName = Release;
		};
		C1496D622EC7820E00F24972 /* Build configuration list for PBXNativeTarget "ValeCRMUITests" */ = {
			isa = XCConfigurationList;
			buildConfigurations = (
				C1496D632EC7820E00F24972 /* Debug */,
				C1496D642EC7820E00F24972 /* Release */,
			);
			defaultConfigurationIsVisible = 0;
			defaultConfigurationName = Release;
		};
/* End XCConfigurationList section */

/* Begin XCRemoteSwiftPackageReference section */
		C1496DD42EC7A39500F24972 /* XCRemoteSwiftPackageReference "swift-algorithms" */ = {
			isa = XCRemoteSwiftPackageReference;
			repositoryURL = "https://github.com/apple/swift-algorithms.git";
			requirement = {
				kind = upToNextMajorVersion;
				minimumVersion = 1.2.1;
			};
		};
/* End XCRemoteSwiftPackageReference section */
	};
	rootObject = C1496D332EC7820800F24972 /* Project object */;
}
